
Microsoft Visual Studio Solution File, Format Version 12.00
# Visual Studio Version 17
VisualStudioVersion = 17.0.32014.148
MinimumVisualStudioVersion = 10.0.40219.1
Project("{FAE04EC0-301F-11D3-BF4B-00C04F79EFBC}") = "StorageQueue", "StorageQueue\StorageQueue.csproj", "{394D1080-E47D-4E74-8C95-3B73621D41DB}"
EndProject
Global
	GlobalSection(SolutionConfigurationPlatforms) = preSolution
		Debug|Any CPU = Debug|Any CPU
		Release|Any CPU = Release|Any CPU
	EndGlobalSection
	GlobalSection(ProjectConfigurationPlatforms) = postSolution
		{394D1080-E47D-4E74-8C95-3B73621D41DB}.Debug|Any CPU.ActiveCfg = Debug|Any CPU
		{394D1080-E47D-4E74-8C95-3B73621D41DB}.Debug|Any CPU.Build.0 = Debug|Any CPU
		{394D1080-E47D-4E74-8C95-3B73621D41DB}.Release|Any CPU.ActiveCfg = Release|Any CPU
		{394D1080-E47D-4E74-8C95-3B73621D41DB}.Release|Any CPU.Build.0 = Release|Any CPU
	EndGlobalSection
	GlobalSection(SolutionProperties) = preSolution
		HideSolutionNode = FALSE
	EndGlobalSection
	GlobalSection(ExtensibilityGlobals) = postSolution
		SolutionGuid = {C33F02B7-7A0E-4853-9424-CCA8F14C87E8}
	EndGlobalSection
EndGlobal
